
Microsoft Visual Studio Solution File, Format Version 12.00
# Visual Studio Version 16
VisualStudioVersion = 16.0.30907.101
MinimumVisualStudioVersion = 10.0.40219.1
Project("{FAE04EC0-301F-11D3-BF4B-00C04F79EFBC}") = "Proyect-Test", "Proyect-Test\Proyect-Test.csproj", "{9F2D8C3A-26F3-4E83-9BC7-996F60ED23D2}"
EndProject
Global
	GlobalSection(SolutionConfigurationPlatforms) = preSolution
		Debug|Any CPU = Debug|Any CPU
		Release|Any CPU = Release|Any CPU
	EndGlobalSection
	GlobalSection(ProjectConfigurationPlatforms) = postSolution
		{9F2D8C3A-26F3-4E83-9BC7-996F60ED23D2}.Debug|Any CPU.ActiveCfg = Debug|Any CPU
		{9F2D8C3A-26F3-4E83-9BC7-996F60ED23D2}.Debug|Any CPU.Build.0 = Debug|Any CPU
		{9F2D8C3A-26F3-4E83-9BC7-996F60ED23D2}.Release|Any CPU.ActiveCfg = Release|Any CPU
		{9F2D8C3A-26F3-4E83-9BC7-996F60ED23D2}.Release|Any CPU.Build.0 = Release|Any CPU
	EndGlobalSection
	GlobalSection(SolutionProperties) = preSolution
		HideSolutionNode = FALSE
	EndGlobalSection
	GlobalSection(ExtensibilityGlobals) = postSolution
		SolutionGuid = {FF005DA2-6716-49E6-AFDE-81F3BC5B9004}
	EndGlobalSection
EndGlobal
